approved_at: "2026-05-09T22:08:37Z"
approved_by: sambeau
canonical_content_hash: c9ce1d0f635cc6289d590ede4089a101120ea77ba0fc9df9b3747e5ea016a932
content_hash: 18a55ed2b3079d8056595a6f78cc60b377a6cde07d0e4647834a765878acfe3f
created: "2026-05-09T21:58:17Z"
created_by: sambeau
id: FEAT-01KR7BKXG3X61/spec-p62-f1-spec-init-unblock
owner: FEAT-01KR7BKXG3X61
path: work/P62-install-skill-quality-remediation/P62-F1-spec-init-unblock.md
status: approved
title: P62-F1 Spec — Init Unblock
type: spec
updated: "2026-05-09T22:08:37Z"
