approved_at: "2026-05-09T22:16:45Z"
approved_by: sambeau
canonical_content_hash: e90d3a87c0f0a836277ba7088a4a1671fbfcf375ed1866853c79f20a21970ae2
content_hash: 5aaf7d2e5e88fb3929ffa3c4ea51f32d936d77548c6ee270a26d1885c259031a
created: "2026-05-09T22:14:21Z"
created_by: sambeau
id: FEAT-01KR7BKXG3X61/dev-plan-p62-f1-dev-plan-init-unblock
owner: FEAT-01KR7BKXG3X61
path: work/P62-install-skill-quality-remediation/P62-F1-dev-plan-init-unblock.md
status: approved
title: P62-F1 Dev-Plan — Init Unblock
type: dev-plan
updated: "2026-05-09T22:16:45Z"
